
Microsoft Visual Studio Solution File, Format Version 12.00
# Visual Studio Version 17
VisualStudioVersion = 17.1.32210.238
MinimumVisualStudioVersion = 10.0.40219.1
Project("{FAE04EC0-301F-11D3-BF4B-00C04F79EFBC}") = "two_dimension_array", "two_dimension_array.csproj", "{7772613D-F963-49AD-9D7E-897709BA932E}"
EndProject
Global
	GlobalSection(SolutionConfigurationPlatforms) = preSolution
		Debug|Any CPU = Debug|Any CPU
		Release|Any CPU = Release|Any CPU
	EndGlobalSection
	GlobalSection(ProjectConfigurationPlatforms) = postSolution
		{7772613D-F963-49AD-9D7E-897709BA932E}.Debug|Any CPU.ActiveCfg = Debug|Any CPU
		{7772613D-F963-49AD-9D7E-897709BA932E}.Debug|Any CPU.Build.0 = Debug|Any CPU
		{7772613D-F963-49AD-9D7E-897709BA932E}.Release|Any CPU.ActiveCfg = Release|Any CPU
		{7772613D-F963-49AD-9D7E-897709BA932E}.Release|Any CPU.Build.0 = Release|Any CPU
	EndGlobalSection
	GlobalSection(SolutionProperties) = preSolution
		HideSolutionNode = FALSE
	EndGlobalSection
	GlobalSection(ExtensibilityGlobals) = postSolution
		SolutionGuid = {D9D5EF48-B355-477E-B3C1-1CDAC0264D88}
	EndGlobalSection
EndGlobal
